
Microsoft Visual Studio Solution File, Format Version 12.00
# Visual Studio 15
VisualStudioVersion = 15.0.28307.421
MinimumVisualStudioVersion = 10.0.40219.1
Project("{FAE04EC0-301F-11D3-BF4B-00C04F79EFBC}") = "PrivateHelper", "PrivateHelper\PrivateHelper.csproj", "{AD21A1D1-792B-49A4-A436-7B2A95AA03F6}"
EndProject
Project("{FAE04EC0-301F-11D3-BF4B-00C04F79EFBC}") = "UnitTests", "UnitTests\UnitTests.csproj", "{DBAAED33-EECC-4C00-B72C-E1B005851AF2}"
EndProject
Global
	GlobalSection(SolutionConfigurationPlatforms) = preSolution
		Debug|Any CPU = Debug|Any CPU
		Release|Any CPU = Release|Any CPU
	EndGlobalSection
	GlobalSection(ProjectConfigurationPlatforms) = postSolution
		{AD21A1D1-792B-49A4-A436-7B2A95AA03F6}.Debug|Any CPU.ActiveCfg = Debug|Any CPU
		{AD21A1D1-792B-49A4-A436-7B2A95AA03F6}.Debug|Any CPU.Build.0 = Debug|Any CPU
		{AD21A1D1-792B-49A4-A436-7B2A95AA03F6}.Release|Any CPU.ActiveCfg = Release|Any CPU
		{AD21A1D1-792B-49A4-A436-7B2A95AA03F6}.Release|Any CPU.Build.0 = Release|Any CPU
		{DBAAED33-EECC-4C00-B72C-E1B005851AF2}.Debug|Any CPU.ActiveCfg = Debug|Any CPU
		{DBAAED33-EECC-4C00-B72C-E1B005851AF2}.Debug|Any CPU.Build.0 = Debug|Any CPU
		{DBAAED33-EECC-4C00-B72C-E1B005851AF2}.Release|Any CPU.ActiveCfg = Release|Any CPU
		{DBAAED33-EECC-4C00-B72C-E1B005851AF2}.Release|Any CPU.Build.0 = Release|Any CPU
	EndGlobalSection
	GlobalSection(SolutionProperties) = preSolution
		HideSolutionNode = FALSE
	EndGlobalSection
	GlobalSection(ExtensibilityGlobals) = postSolution
		SolutionGuid = {1F057F9D-F070-44E6-B4C1-51290B6A5D57}
	EndGlobalSection
EndGlobal
