
Microsoft Visual Studio Solution File, Format Version 12.00
# Visual Studio Version 17
VisualStudioVersion = 17.14.36908.2
MinimumVisualStudioVersion = 10.0.40219.1
Project("{9A19103F-16F7-4668-BE54-9A1E7A4F7556}") = "PrivateHelper", "PrivateHelper\PrivateHelper.csproj", "{AD21A1D1-792B-49A4-A436-7B2A95AA03F6}"
EndProject
Project("{2150E333-8FDC-42A3-9474-1A3956D46DE8}") = "Solution Items", "Solution Items", "{512BA4E4-3F89-40DA-9DFA-A40B0C303B34}"
	ProjectSection(SolutionItems) = preProject
		codecov.ps1 = codecov.ps1
	EndProjectSection
EndProject
Project("{FAE04EC0-301F-11D3-BF4B-00C04F79EFBC}") = "UnitTests", "UnitTests\UnitTests.csproj", "{BF4589A0-422A-4CC1-ABCB-3E59B50250DF}"
EndProject
Global
	GlobalSection(SolutionConfigurationPlatforms) = preSolution
		Debug|Any CPU = Debug|Any CPU
		Release|Any CPU = Release|Any CPU
	EndGlobalSection
	GlobalSection(ProjectConfigurationPlatforms) = postSolution
		{AD21A1D1-792B-49A4-A436-7B2A95AA03F6}.Debug|Any CPU.ActiveCfg = Debug|Any CPU
		{AD21A1D1-792B-49A4-A436-7B2A95AA03F6}.Debug|Any CPU.Build.0 = Debug|Any CPU
		{AD21A1D1-792B-49A4-A436-7B2A95AA03F6}.Release|Any CPU.ActiveCfg = Release|Any CPU
		{AD21A1D1-792B-49A4-A436-7B2A95AA03F6}.Release|Any CPU.Build.0 = Release|Any CPU
		{BF4589A0-422A-4CC1-ABCB-3E59B50250DF}.Debug|Any CPU.ActiveCfg = Debug|Any CPU
		{BF4589A0-422A-4CC1-ABCB-3E59B50250DF}.Debug|Any CPU.Build.0 = Debug|Any CPU
		{BF4589A0-422A-4CC1-ABCB-3E59B50250DF}.Release|Any CPU.ActiveCfg = Release|Any CPU
		{BF4589A0-422A-4CC1-ABCB-3E59B50250DF}.Release|Any CPU.Build.0 = Release|Any CPU
	EndGlobalSection
	GlobalSection(SolutionProperties) = preSolution
		HideSolutionNode = FALSE
	EndGlobalSection
	GlobalSection(ExtensibilityGlobals) = postSolution
		SolutionGuid = {1F057F9D-F070-44E6-B4C1-51290B6A5D57}
	EndGlobalSection
EndGlobal
